
Microsoft Visual Studio Solution File, Format Version 12.00
# Visual Studio Version 17
VisualStudioVersion = 17.8.34316.72
MinimumVisualStudioVersion = 10.0.40219.1
Project("{FAE04EC0-301F-11D3-BF4B-00C04F79EFBC}") = "CalifornianHealthMonolithic", "CalifornianHealthMonolithic\CalifornianHealthMonolithic.csproj", "{5FD042A3-4E83-4972-B98A-48CC6157F165}"
EndProject
Project("{9A19103F-16F7-4668-BE54-9A1E7A4F7556}") = "ConsultantMicroservice", "ConsultantMicroservice\ConsultantMicroservice.csproj", "{40F83CE1-8AB2-4A94-A37F-E12EE5F798A4}"
EndProject
Project("{9A19103F-16F7-4668-BE54-9A1E7A4F7556}") = "Shared", "Shared\Shared.csproj", "{F5CC6D46-237E-4DDF-BC4C-8745CFAE9B3A}"
EndProject
Project("{9A19103F-16F7-4668-BE54-9A1E7A4F7556}") = "AppointmentMicroservice", "AppointmentMicroservice\AppointmentMicroservice.csproj", "{C7B23B72-BED1-4FB6-8698-1F2BF321DADF}"
EndProject
Project("{FAE04EC0-301F-11D3-BF4B-00C04F79EFBC}") = "TestProject", "TestProject\TestProject.csproj", "{B0B50004-634C-4F57-B7B7-39B06737FED4}"
EndProject
Global
	GlobalSection(SolutionConfigurationPlatforms) = preSolution
		Debug|Any CPU = Debug|Any CPU
		Release|Any CPU = Release|Any CPU
	EndGlobalSection
	GlobalSection(ProjectConfigurationPlatforms) = postSolution
		{5FD042A3-4E83-4972-B98A-48CC6157F165}.Debug|Any CPU.ActiveCfg = Debug|Any CPU
		{5FD042A3-4E83-4972-B98A-48CC6157F165}.Debug|Any CPU.Build.0 = Debug|Any CPU
		{5FD042A3-4E83-4972-B98A-48CC6157F165}.Release|Any CPU.ActiveCfg = Release|Any CPU
		{5FD042A3-4E83-4972-B98A-48CC6157F165}.Release|Any CPU.Build.0 = Release|Any CPU
		{40F83CE1-8AB2-4A94-A37F-E12EE5F798A4}.Debug|Any CPU.ActiveCfg = Debug|Any CPU
		{40F83CE1-8AB2-4A94-A37F-E12EE5F798A4}.Debug|Any CPU.Build.0 = Debug|Any CPU
		{40F83CE1-8AB2-4A94-A37F-E12EE5F798A4}.Release|Any CPU.ActiveCfg = Release|Any CPU
		{40F83CE1-8AB2-4A94-A37F-E12EE5F798A4}.Release|Any CPU.Build.0 = Release|Any CPU
		{F5CC6D46-237E-4DDF-BC4C-8745CFAE9B3A}.Debug|Any CPU.ActiveCfg = Debug|Any CPU
		{F5CC6D46-237E-4DDF-BC4C-8745CFAE9B3A}.Debug|Any CPU.Build.0 = Debug|Any CPU
		{F5CC6D46-237E-4DDF-BC4C-8745CFAE9B3A}.Release|Any CPU.ActiveCfg = Release|Any CPU
		{F5CC6D46-237E-4DDF-BC4C-8745CFAE9B3A}.Release|Any CPU.Build.0 = Release|Any CPU
		{C7B23B72-BED1-4FB6-8698-1F2BF321DADF}.Debug|Any CPU.ActiveCfg = Debug|Any CPU
		{C7B23B72-BED1-4FB6-8698-1F2BF321DADF}.Debug|Any CPU.Build.0 = Debug|Any CPU
		{C7B23B72-BED1-4FB6-8698-1F2BF321DADF}.Release|Any CPU.ActiveCfg = Release|Any CPU
		{C7B23B72-BED1-4FB6-8698-1F2BF321DADF}.Release|Any CPU.Build.0 = Release|Any CPU
		{B0B50004-634C-4F57-B7B7-39B06737FED4}.Debug|Any CPU.ActiveCfg = Debug|Any CPU
		{B0B50004-634C-4F57-B7B7-39B06737FED4}.Debug|Any CPU.Build.0 = Debug|Any CPU
		{B0B50004-634C-4F57-B7B7-39B06737FED4}.Release|Any CPU.ActiveCfg = Release|Any CPU
		{B0B50004-634C-4F57-B7B7-39B06737FED4}.Release|Any CPU.Build.0 = Release|Any CPU
	EndGlobalSection
	GlobalSection(SolutionProperties) = preSolution
		HideSolutionNode = FALSE
	EndGlobalSection
	GlobalSection(ExtensibilityGlobals) = postSolution
		SolutionGuid = {CBD20FA8-46A6-402A-BD5B-8245048657E4}
	EndGlobalSection
EndGlobal
